
Microsoft Visual Studio Solution File, Format Version 12.00
# Visual Studio Version 16
VisualStudioVersion = 25.0.1706.9
MinimumVisualStudioVersion = 10.0.40219.1
Project("{FAE04EC0-301F-11D3-BF4B-00C04F79EFBC}") = "BuycyclePagesTests", "BuycyclePagesTests\BuycyclePagesTests.csproj", "{0B10A04D-066B-4574-A559-B60A77D331C4}"
EndProject
Global
	GlobalSection(SolutionConfigurationPlatforms) = preSolution
		Debug|Any CPU = Debug|Any CPU
		Release|Any CPU = Release|Any CPU
	EndGlobalSection
	GlobalSection(ProjectConfigurationPlatforms) = postSolution
		{0B10A04D-066B-4574-A559-B60A77D331C4}.Debug|Any CPU.ActiveCfg = Debug|Any CPU
		{0B10A04D-066B-4574-A559-B60A77D331C4}.Debug|Any CPU.Build.0 = Debug|Any CPU
		{0B10A04D-066B-4574-A559-B60A77D331C4}.Release|Any CPU.ActiveCfg = Release|Any CPU
		{0B10A04D-066B-4574-A559-B60A77D331C4}.Release|Any CPU.Build.0 = Release|Any CPU
	EndGlobalSection
	GlobalSection(SolutionProperties) = preSolution
		HideSolutionNode = FALSE
	EndGlobalSection
	GlobalSection(ExtensibilityGlobals) = postSolution
		SolutionGuid = {7FCB818D-774B-4966-B385-48D3EF1F2B53}
	EndGlobalSection
EndGlobal
