
Microsoft Visual Studio Solution File, Format Version 12.00
# Visual Studio Version 16
VisualStudioVersion = 25.0.1706.1
MinimumVisualStudioVersion = 10.0.40219.1
Project("{FAE04EC0-301F-11D3-BF4B-00C04F79EFBC}") = "DemoqaPageTests", "DemoqaPageTests\DemoqaPageTests.csproj", "{0026CB8B-6FB6-4C7F-801F-7EE75FC5EED8}"
EndProject
Project("{2150E333-8FDC-42A3-9474-1A3956D46DE8}") = "Solution Items", "Solution Items", "{7EB75CCD-863D-4FB5-BE6D-979190C30558}"
EndProject
Global
	GlobalSection(SolutionConfigurationPlatforms) = preSolution
		Debug|Any CPU = Debug|Any CPU
		Release|Any CPU = Release|Any CPU
	EndGlobalSection
	GlobalSection(ProjectConfigurationPlatforms) = postSolution
		{0026CB8B-6FB6-4C7F-801F-7EE75FC5EED8}.Debug|Any CPU.ActiveCfg = Debug|Any CPU
		{0026CB8B-6FB6-4C7F-801F-7EE75FC5EED8}.Debug|Any CPU.Build.0 = Debug|Any CPU
		{0026CB8B-6FB6-4C7F-801F-7EE75FC5EED8}.Release|Any CPU.ActiveCfg = Release|Any CPU
		{0026CB8B-6FB6-4C7F-801F-7EE75FC5EED8}.Release|Any CPU.Build.0 = Release|Any CPU
	EndGlobalSection
	GlobalSection(SolutionProperties) = preSolution
		HideSolutionNode = FALSE
	EndGlobalSection
	GlobalSection(ExtensibilityGlobals) = postSolution
		SolutionGuid = {8C28335E-E12A-450E-986D-B7EDF627532A}
	EndGlobalSection
EndGlobal
